
Microsoft Visual Studio Solution File, Format Version 12.00
# Visual Studio 15
VisualStudioVersion = 15.0.28010.2048
MinimumVisualStudioVersion = 10.0.40219.1
Project("{9A19103F-16F7-4668-BE54-9A1E7A4F7556}") = "Lacey.Medusa.Common.Domain", "..\common\Lacey.Medusa.Common.Domain\Lacey.Medusa.Common.Domain.csproj", "{FC51ACAB-9952-49D9-A604-33DBA7FE458D}"
EndProject
Project("{9A19103F-16F7-4668-BE54-9A1E7A4F7556}") = "Lacey.Medusa.Common.Dal", "..\common\Lacey.Medusa.Common.Dal\Lacey.Medusa.Common.Dal.csproj", "{D72E1321-B5F1-4D8D-AB36-89C62F6AF301}"
EndProject
Project("{9A19103F-16F7-4668-BE54-9A1E7A4F7556}") = "Lacey.Medusa.Common.Services", "..\common\Lacey.Medusa.Common.Services\Lacey.Medusa.Common.Services.csproj", "{472E9FF7-2995-4D54-A301-3FBF0539A536}"
EndProject
Project("{9A19103F-16F7-4668-BE54-9A1E7A4F7556}") = "Lacey.Medusa.Common.DataAnnotations", "..\common\Lacey.Medusa.Common.DataAnnotations\Lacey.Medusa.Common.DataAnnotations.csproj", "{FD4F24EA-D0AD-4EC9-A64D-B072554BA364}"
EndProject
Project("{9A19103F-16F7-4668-BE54-9A1E7A4F7556}") = "Lacey.Medusa.Common.Web", "..\common\Lacey.Medusa.Common.Web\Lacey.Medusa.Common.Web.csproj", "{024F0E56-ED42-4599-9D2B-D2E86E5AFEC3}"
EndProject
Project("{9A19103F-16F7-4668-BE54-9A1E7A4F7556}") = "Lacey.Medusa.Common.Mapping", "..\common\Lacey.Medusa.Common.Mapping\Lacey.Medusa.Common.Mapping.csproj", "{58A2EC3F-CA69-44E4-9E53-27AE92A460A7}"
EndProject
Project("{9A19103F-16F7-4668-BE54-9A1E7A4F7556}") = "Lacey.Medusa.Common.Resources", "..\common\Lacey.Medusa.Common.Resources\Lacey.Medusa.Common.Resources.csproj", "{0F0858F2-F2E3-4ABD-8579-6707B2CFA6EC}"
EndProject
Project("{9A19103F-16F7-4668-BE54-9A1E7A4F7556}") = "Lacey.Medusa.Youtube.Domain", "Lacey.Medusa.Youtube.Domain\Lacey.Medusa.Youtube.Domain.csproj", "{B56918E5-1D74-4E24-B9AD-42D1011668AE}"
EndProject
Project("{9A19103F-16F7-4668-BE54-9A1E7A4F7556}") = "Lacey.Medusa.Youtube.Dal", "Lacey.Medusa.Youtube.Dal\Lacey.Medusa.Youtube.Dal.csproj", "{D361CDD3-5B48-4244-A414-B88213A152D1}"
EndProject
Project("{9A19103F-16F7-4668-BE54-9A1E7A4F7556}") = "Lacey.Medusa.Youtube.Services", "Lacey.Medusa.Youtube.Services\Lacey.Medusa.Youtube.Services.csproj", "{AAD34FBE-D9BB-4986-BF2C-D845407EFBB1}"
EndProject
Project("{9A19103F-16F7-4668-BE54-9A1E7A4F7556}") = "Lacey.Medusa.Common.Files", "..\common\Lacey.Medusa.Common.Files\Lacey.Medusa.Common.Files.csproj", "{82692963-3C40-4BCD-8B68-9A02CC25E407}"
EndProject
Project("{9A19103F-16F7-4668-BE54-9A1E7A4F7556}") = "Lacey.Medusa.Youtube.App", "Lacey.Medusa.Youtube.App\Lacey.Medusa.Youtube.App.csproj", "{4A68CDDB-5587-4F44-99E6-D82D03DBE58B}"
EndProject
Project("{9A19103F-16F7-4668-BE54-9A1E7A4F7556}") = "Lacey.Medusa.Common.DI", "..\common\Lacey.Medusa.Common.DI\Lacey.Medusa.Common.DI.csproj", "{FE029BA8-9A7E-40C2-98D2-F51F9A6DE62C}"
EndProject
Project("{9A19103F-16F7-4668-BE54-9A1E7A4F7556}") = "Google.Apis.YouTube.Samples.Search", "..\vendor\Google.Apis.YouTube.Samples\Google.Apis.YouTube.Samples.Search\Google.Apis.YouTube.Samples.Search.csproj", "{A15B95CB-230B-4201-BD00-6009866A2066}"
EndProject
Project("{9A19103F-16F7-4668-BE54-9A1E7A4F7556}") = "Lacey.Medusa.Youtube.Api", "Lacey.Medusa.Youtube.Api\Lacey.Medusa.Youtube.Api.csproj", "{73331BAC-DADE-4A7A-9E77-7BB5FC2918D6}"
EndProject
Global
	GlobalSection(SolutionConfigurationPlatforms) = preSolution
		Debug|Any CPU = Debug|Any CPU
		Release|Any CPU = Release|Any CPU
	EndGlobalSection
	GlobalSection(ProjectConfigurationPlatforms) = postSolution
		{FC51ACAB-9952-49D9-A604-33DBA7FE458D}.Debug|Any CPU.ActiveCfg = Debug|Any CPU
		{FC51ACAB-9952-49D9-A604-33DBA7FE458D}.Debug|Any CPU.Build.0 = Debug|Any CPU
		{FC51ACAB-9952-49D9-A604-33DBA7FE458D}.Release|Any CPU.ActiveCfg = Release|Any CPU
		{FC51ACAB-9952-49D9-A604-33DBA7FE458D}.Release|Any CPU.Build.0 = Release|Any CPU
		{D72E1321-B5F1-4D8D-AB36-89C62F6AF301}.Debug|Any CPU.ActiveCfg = Debug|Any CPU
		{D72E1321-B5F1-4D8D-AB36-89C62F6AF301}.Debug|Any CPU.Build.0 = Debug|Any CPU
		{D72E1321-B5F1-4D8D-AB36-89C62F6AF301}.Release|Any CPU.ActiveCfg = Release|Any CPU
		{D72E1321-B5F1-4D8D-AB36-89C62F6AF301}.Release|Any CPU.Build.0 = Release|Any CPU
		{472E9FF7-2995-4D54-A301-3FBF0539A536}.Debug|Any CPU.ActiveCfg = Debug|Any CPU
		{472E9FF7-2995-4D54-A301-3FBF0539A536}.Debug|Any CPU.Build.0 = Debug|Any CPU
		{472E9FF7-2995-4D54-A301-3FBF0539A536}.Release|Any CPU.ActiveCfg = Release|Any CPU
		{472E9FF7-2995-4D54-A301-3FBF0539A536}.Release|Any CPU.Build.0 = Release|Any CPU
		{FD4F24EA-D0AD-4EC9-A64D-B072554BA364}.Debug|Any CPU.ActiveCfg = Debug|Any CPU
		{FD4F24EA-D0AD-4EC9-A64D-B072554BA364}.Debug|Any CPU.Build.0 = Debug|Any CPU
		{FD4F24EA-D0AD-4EC9-A64D-B072554BA364}.Release|Any CPU.ActiveCfg = Release|Any CPU
		{FD4F24EA-D0AD-4EC9-A64D-B072554BA364}.Release|Any CPU.Build.0 = Release|Any CPU
		{024F0E56-ED42-4599-9D2B-D2E86E5AFEC3}.Debug|Any CPU.ActiveCfg = Debug|Any CPU
		{024F0E56-ED42-4599-9D2B-D2E86E5AFEC3}.Debug|Any CPU.Build.0 = Debug|Any CPU
		{024F0E56-ED42-4599-9D2B-D2E86E5AFEC3}.Release|Any CPU.ActiveCfg = Release|Any CPU
		{024F0E56-ED42-4599-9D2B-D2E86E5AFEC3}.Release|Any CPU.Build.0 = Release|Any CPU
		{58A2EC3F-CA69-44E4-9E53-27AE92A460A7}.Debug|Any CPU.ActiveCfg = Debug|Any CPU
		{58A2EC3F-CA69-44E4-9E53-27AE92A460A7}.Debug|Any CPU.Build.0 = Debug|Any CPU
		{58A2EC3F-CA69-44E4-9E53-27AE92A460A7}.Release|Any CPU.ActiveCfg = Release|Any CPU
		{58A2EC3F-CA69-44E4-9E53-27AE92A460A7}.Release|Any CPU.Build.0 = Release|Any CPU
		{0F0858F2-F2E3-4ABD-8579-6707B2CFA6EC}.Debug|Any CPU.ActiveCfg = Debug|Any CPU
		{0F0858F2-F2E3-4ABD-8579-6707B2CFA6EC}.Debug|Any CPU.Build.0 = Debug|Any CPU
		{0F0858F2-F2E3-4ABD-8579-6707B2CFA6EC}.Release|Any CPU.ActiveCfg = Release|Any CPU
		{0F0858F2-F2E3-4ABD-8579-6707B2CFA6EC}.Release|Any CPU.Build.0 = Release|Any CPU
		{B56918E5-1D74-4E24-B9AD-42D1011668AE}.Debug|Any CPU.ActiveCfg = Debug|Any CPU
		{B56918E5-1D74-4E24-B9AD-42D1011668AE}.Debug|Any CPU.Build.0 = Debug|Any CPU
		{B56918E5-1D74-4E24-B9AD-42D1011668AE}.Release|Any CPU.ActiveCfg = Release|Any CPU
		{B56918E5-1D74-4E24-B9AD-42D1011668AE}.Release|Any CPU.Build.0 = Release|Any CPU
		{D361CDD3-5B48-4244-A414-B88213A152D1}.Debug|Any CPU.ActiveCfg = Debug|Any CPU
		{D361CDD3-5B48-4244-A414-B88213A152D1}.Debug|Any CPU.Build.0 = Debug|Any CPU
		{D361CDD3-5B48-4244-A414-B88213A152D1}.Release|Any CPU.ActiveCfg = Release|Any CPU
		{D361CDD3-5B48-4244-A414-B88213A152D1}.Release|Any CPU.Build.0 = Release|Any CPU
		{AAD34FBE-D9BB-4986-BF2C-D845407EFBB1}.Debug|Any CPU.ActiveCfg = Debug|Any CPU
		{AAD34FBE-D9BB-4986-BF2C-D845407EFBB1}.Debug|Any CPU.Build.0 = Debug|Any CPU
		{AAD34FBE-D9BB-4986-BF2C-D845407EFBB1}.Release|Any CPU.ActiveCfg = Release|Any CPU
		{AAD34FBE-D9BB-4986-BF2C-D845407EFBB1}.Release|Any CPU.Build.0 = Release|Any CPU
		{82692963-3C40-4BCD-8B68-9A02CC25E407}.Debug|Any CPU.ActiveCfg = Debug|Any CPU
		{82692963-3C40-4BCD-8B68-9A02CC25E407}.Debug|Any CPU.Build.0 = Debug|Any CPU
		{82692963-3C40-4BCD-8B68-9A02CC25E407}.Release|Any CPU.ActiveCfg = Release|Any CPU
		{82692963-3C40-4BCD-8B68-9A02CC25E407}.Release|Any CPU.Build.0 = Release|Any CPU
		{4A68CDDB-5587-4F44-99E6-D82D03DBE58B}.Debug|Any CPU.ActiveCfg = Debug|Any CPU
		{4A68CDDB-5587-4F44-99E6-D82D03DBE58B}.Debug|Any CPU.Build.0 = Debug|Any CPU
		{4A68CDDB-5587-4F44-99E6-D82D03DBE58B}.Release|Any CPU.ActiveCfg = Release|Any CPU
		{4A68CDDB-5587-4F44-99E6-D82D03DBE58B}.Release|Any CPU.Build.0 = Release|Any CPU
		{FE029BA8-9A7E-40C2-98D2-F51F9A6DE62C}.Debug|Any CPU.ActiveCfg = Debug|Any CPU
		{FE029BA8-9A7E-40C2-98D2-F51F9A6DE62C}.Debug|Any CPU.Build.0 = Debug|Any CPU
		{FE029BA8-9A7E-40C2-98D2-F51F9A6DE62C}.Release|Any CPU.ActiveCfg = Release|Any CPU
		{FE029BA8-9A7E-40C2-98D2-F51F9A6DE62C}.Release|Any CPU.Build.0 = Release|Any CPU
		{A15B95CB-230B-4201-BD00-6009866A2066}.Debug|Any CPU.ActiveCfg = Debug|Any CPU
		{A15B95CB-230B-4201-BD00-6009866A2066}.Debug|Any CPU.Build.0 = Debug|Any CPU
		{A15B95CB-230B-4201-BD00-6009866A2066}.Release|Any CPU.ActiveCfg = Release|Any CPU
		{A15B95CB-230B-4201-BD00-6009866A2066}.Release|Any CPU.Build.0 = Release|Any CPU
		{73331BAC-DADE-4A7A-9E77-7BB5FC2918D6}.Debug|Any CPU.ActiveCfg = Debug|Any CPU
		{73331BAC-DADE-4A7A-9E77-7BB5FC2918D6}.Debug|Any CPU.Build.0 = Debug|Any CPU
		{73331BAC-DADE-4A7A-9E77-7BB5FC2918D6}.Release|Any CPU.ActiveCfg = Release|Any CPU
		{73331BAC-DADE-4A7A-9E77-7BB5FC2918D6}.Release|Any CPU.Build.0 = Release|Any CPU
	EndGlobalSection
	GlobalSection(SolutionProperties) = preSolution
		HideSolutionNode = FALSE
	EndGlobalSection
	GlobalSection(ExtensibilityGlobals) = postSolution
		SolutionGuid = {DB7316A3-7CE9-4FF7-9F09-2D4BD913F9FA}
	EndGlobalSection
EndGlobal
