
Microsoft Visual Studio Solution File, Format Version 12.00
# Visual Studio Version 16
VisualStudioVersion = 16.0.29230.47
MinimumVisualStudioVersion = 10.0.40219.1
Project("{FAE04EC0-301F-11D3-BF4B-00C04F79EFBC}") = "Lacey.Medusa.Llvm.Decompiler", "Lacey.Medusa.Llvm.Decompiler\Lacey.Medusa.Llvm.Decompiler.csproj", "{D6931387-3722-459B-AB93-9A52C114B955}"
EndProject
Global
	GlobalSection(SolutionConfigurationPlatforms) = preSolution
		Debug|Any CPU = Debug|Any CPU
		Release|Any CPU = Release|Any CPU
	EndGlobalSection
	GlobalSection(ProjectConfigurationPlatforms) = postSolution
		{D6931387-3722-459B-AB93-9A52C114B955}.Debug|Any CPU.ActiveCfg = Debug|Any CPU
		{D6931387-3722-459B-AB93-9A52C114B955}.Debug|Any CPU.Build.0 = Debug|Any CPU
		{D6931387-3722-459B-AB93-9A52C114B955}.Release|Any CPU.ActiveCfg = Release|Any CPU
		{D6931387-3722-459B-AB93-9A52C114B955}.Release|Any CPU.Build.0 = Release|Any CPU
	EndGlobalSection
	GlobalSection(SolutionProperties) = preSolution
		HideSolutionNode = FALSE
	EndGlobalSection
	GlobalSection(ExtensibilityGlobals) = postSolution
		SolutionGuid = {F7F7C9C9-039A-4FB9-968C-A07699617FD9}
	EndGlobalSection
EndGlobal
