
Microsoft Visual Studio Solution File, Format Version 12.00
# Visual Studio Version 16
VisualStudioVersion = 16.0.30907.101
MinimumVisualStudioVersion = 10.0.40219.1
Project("{9A19103F-16F7-4668-BE54-9A1E7A4F7556}") = "Lacey.Alexa.Explorer.Run", "Lacey.Alexa.Explorer.Run\Lacey.Alexa.Explorer.Run.csproj", "{38E03848-7BB0-4EAB-982E-FB0DFBABEE50}"
EndProject
Project("{9A19103F-16F7-4668-BE54-9A1E7A4F7556}") = "Lacey.Alexa.Explorer.Services", "Lacey.Alexa.Explorer.Services\Lacey.Alexa.Explorer.Services.csproj", "{A11BEC19-E6F4-4410-AACE-4066F99D4C0C}"
EndProject
Project("{9A19103F-16F7-4668-BE54-9A1E7A4F7556}") = "Lacey.Alexa.Common.Metasploit", "..\common\Lacey.Alexa.Common.Metasploit\Lacey.Alexa.Common.Metasploit.csproj", "{493E10FD-FD6F-47AD-B839-440E01983AAC}"
EndProject
Project("{9A19103F-16F7-4668-BE54-9A1E7A4F7556}") = "Lacey.Medusa.Common.Core", "..\..\..\medusa\src\common\Lacey.Medusa.Common.Core\Lacey.Medusa.Common.Core.csproj", "{C589EEC7-6155-4552-81AA-F79620DCEB61}"
EndProject
Project("{9A19103F-16F7-4668-BE54-9A1E7A4F7556}") = "Lacey.Medusa.Common.Api.Core", "..\..\..\medusa\src\common\Lacey.Medusa.Common.Api.Core\Lacey.Medusa.Common.Api.Core.csproj", "{FA1DDFDD-B1DE-4139-8EFF-60A20526DB9A}"
EndProject
Project("{9A19103F-16F7-4668-BE54-9A1E7A4F7556}") = "Lacey.Medusa.Common.Api", "..\..\..\medusa\src\common\Lacey.Medusa.Common.Api\Lacey.Medusa.Common.Api.csproj", "{911D9549-B52C-4CBD-8E41-CD74305C8931}"
EndProject
Project("{9A19103F-16F7-4668-BE54-9A1E7A4F7556}") = "Lacey.Alexa.Common.Shodan", "..\common\Lacey.Alexa.Common.Shodan\Lacey.Alexa.Common.Shodan.csproj", "{024245B7-168C-4614-A611-AA3DFC96724C}"
EndProject
Project("{9A19103F-16F7-4668-BE54-9A1E7A4F7556}") = "Lacey.Medusa.Google.Api", "..\..\..\medusa\src\google\Lacey.Medusa.Google.Api\Lacey.Medusa.Google.Api.csproj", "{9E56EE38-DC82-46B1-BF37-2E499942C4DB}"
EndProject
Global
	GlobalSection(SolutionConfigurationPlatforms) = preSolution
		Debug|Any CPU = Debug|Any CPU
		Release|Any CPU = Release|Any CPU
	EndGlobalSection
	GlobalSection(ProjectConfigurationPlatforms) = postSolution
		{38E03848-7BB0-4EAB-982E-FB0DFBABEE50}.Debug|Any CPU.ActiveCfg = Debug|Any CPU
		{38E03848-7BB0-4EAB-982E-FB0DFBABEE50}.Debug|Any CPU.Build.0 = Debug|Any CPU
		{38E03848-7BB0-4EAB-982E-FB0DFBABEE50}.Release|Any CPU.ActiveCfg = Release|Any CPU
		{38E03848-7BB0-4EAB-982E-FB0DFBABEE50}.Release|Any CPU.Build.0 = Release|Any CPU
		{A11BEC19-E6F4-4410-AACE-4066F99D4C0C}.Debug|Any CPU.ActiveCfg = Debug|Any CPU
		{A11BEC19-E6F4-4410-AACE-4066F99D4C0C}.Debug|Any CPU.Build.0 = Debug|Any CPU
		{A11BEC19-E6F4-4410-AACE-4066F99D4C0C}.Release|Any CPU.ActiveCfg = Release|Any CPU
		{A11BEC19-E6F4-4410-AACE-4066F99D4C0C}.Release|Any CPU.Build.0 = Release|Any CPU
		{493E10FD-FD6F-47AD-B839-440E01983AAC}.Debug|Any CPU.ActiveCfg = Debug|Any CPU
		{493E10FD-FD6F-47AD-B839-440E01983AAC}.Debug|Any CPU.Build.0 = Debug|Any CPU
		{493E10FD-FD6F-47AD-B839-440E01983AAC}.Release|Any CPU.ActiveCfg = Release|Any CPU
		{493E10FD-FD6F-47AD-B839-440E01983AAC}.Release|Any CPU.Build.0 = Release|Any CPU
		{C589EEC7-6155-4552-81AA-F79620DCEB61}.Debug|Any CPU.ActiveCfg = Debug|Any CPU
		{C589EEC7-6155-4552-81AA-F79620DCEB61}.Debug|Any CPU.Build.0 = Debug|Any CPU
		{C589EEC7-6155-4552-81AA-F79620DCEB61}.Release|Any CPU.ActiveCfg = Release|Any CPU
		{C589EEC7-6155-4552-81AA-F79620DCEB61}.Release|Any CPU.Build.0 = Release|Any CPU
		{FA1DDFDD-B1DE-4139-8EFF-60A20526DB9A}.Debug|Any CPU.ActiveCfg = Debug|Any CPU
		{FA1DDFDD-B1DE-4139-8EFF-60A20526DB9A}.Debug|Any CPU.Build.0 = Debug|Any CPU
		{FA1DDFDD-B1DE-4139-8EFF-60A20526DB9A}.Release|Any CPU.ActiveCfg = Release|Any CPU
		{FA1DDFDD-B1DE-4139-8EFF-60A20526DB9A}.Release|Any CPU.Build.0 = Release|Any CPU
		{911D9549-B52C-4CBD-8E41-CD74305C8931}.Debug|Any CPU.ActiveCfg = Debug|Any CPU
		{911D9549-B52C-4CBD-8E41-CD74305C8931}.Debug|Any CPU.Build.0 = Debug|Any CPU
		{911D9549-B52C-4CBD-8E41-CD74305C8931}.Release|Any CPU.ActiveCfg = Release|Any CPU
		{911D9549-B52C-4CBD-8E41-CD74305C8931}.Release|Any CPU.Build.0 = Release|Any CPU
		{024245B7-168C-4614-A611-AA3DFC96724C}.Debug|Any CPU.ActiveCfg = Debug|Any CPU
		{024245B7-168C-4614-A611-AA3DFC96724C}.Debug|Any CPU.Build.0 = Debug|Any CPU
		{024245B7-168C-4614-A611-AA3DFC96724C}.Release|Any CPU.ActiveCfg = Release|Any CPU
		{024245B7-168C-4614-A611-AA3DFC96724C}.Release|Any CPU.Build.0 = Release|Any CPU
		{9E56EE38-DC82-46B1-BF37-2E499942C4DB}.Debug|Any CPU.ActiveCfg = Debug|Any CPU
		{9E56EE38-DC82-46B1-BF37-2E499942C4DB}.Debug|Any CPU.Build.0 = Debug|Any CPU
		{9E56EE38-DC82-46B1-BF37-2E499942C4DB}.Release|Any CPU.ActiveCfg = Release|Any CPU
		{9E56EE38-DC82-46B1-BF37-2E499942C4DB}.Release|Any CPU.Build.0 = Release|Any CPU
	EndGlobalSection
	GlobalSection(SolutionProperties) = preSolution
		HideSolutionNode = FALSE
	EndGlobalSection
	GlobalSection(ExtensibilityGlobals) = postSolution
		SolutionGuid = {B628A495-2BA2-4573-83A9-E8759696613F}
	EndGlobalSection
EndGlobal
